// !$*UTF8*$!
{
	archiveVersion = 1;
	classes = {
	};
	objectVersion = 50;
	objects = {

/* Begin PBXBuildFile section */
		7A78508903A9126B3FF2D63F /* Pods_BurritoLookup.framework in Frameworks */ = {isa = PBXBuildFile; fileRef = E42CCDAB2F0CE84194A45D59 /* Pods_BurritoLookup.framework */; };
		D472453720E3E46500AC9BC7 /* AppDelegate.swift in Sources */ = {isa = PBXBuildFile; fileRef = D472453620E3E46500AC9BC7 /* AppDelegate.swift */; };
		D472453E20E3E46700AC9BC7 /* Assets.xcassets in Resources */ = {isa = PBXBuildFile; fileRef = D472453D20E3E46700AC9BC7 /* Assets.xcassets */; };
		D472454120E3E46700AC9BC7 /* LaunchScreen.storyboard in Resources */ = {isa = PBXBuildFile; fileRef = D472453F20E3E46700AC9BC7 /* LaunchScreen.storyboard */; };
		D472454920E3E4AB00AC9BC7 /* BurritoListTableViewController.swift in Sources */ = {isa = PBXBuildFile; fileRef = D472454820E3E4AB00AC9BC7 /* BurritoListTableViewController.swift */; };
		D472454B20E3E7F600AC9BC7 /* BurritoMapViewController.swift in Sources */ = {isa = PBXBuildFile; fileRef = D472454A20E3E7F600AC9BC7 /* BurritoMapViewController.swift */; };
		D472454D20E3E9B200AC9BC7 /* UIColor+HexString.swift in Sources */ = {isa = PBXBuildFile; fileRef = D472454C20E3E9B200AC9BC7 /* UIColor+HexString.swift */; };
		D472455120E3EB2200AC9BC7 /* AppColors.swift in Sources */ = {isa = PBXBuildFile; fileRef = D472455020E3EB2200AC9BC7 /* AppColors.swift */; };
		D472455320E3ED3100AC9BC7 /* BurritoListTableViewCell.swift in Sources */ = {isa = PBXBuildFile; fileRef = D472455220E3ED3100AC9BC7 /* BurritoListTableViewCell.swift */; };
		D472455520E3F12600AC9BC7 /* GooglePlace.swift in Sources */ = {isa = PBXBuildFile; fileRef = D472455420E3F12600AC9BC7 /* GooglePlace.swift */; };
		D472455920E410AD00AC9BC7 /* LocationManager.swift in Sources */ = {isa = PBXBuildFile; fileRef = D472455820E410AD00AC9BC7 /* LocationManager.swift */; };
		D472455B20E41DA000AC9BC7 /* AppFont.swift in Sources */ = {isa = PBXBuildFile; fileRef = D472455A20E41DA000AC9BC7 /* AppFont.swift */; };
		D472455F20E436B400AC9BC7 /* GoogleResultsFetcher.swift in Sources */ = {isa = PBXBuildFile; fileRef = D472455E20E436B400AC9BC7 /* GoogleResultsFetcher.swift */; };
		D4A98FFF20E460B60007B6D3 /* GlobalSplitViewController.swift in Sources */ = {isa = PBXBuildFile; fileRef = D4A98FFE20E460B60007B6D3 /* GlobalSplitViewController.swift */; };
/* End PBXBuildFile section */

/* Begin PBXFileReference section */
		A37D4400D626595C288593C0 /* Pods-BurritoLookup.debug.xcconfig */ = {isa = PBXFileReference; includeInIndex = 1; lastKnownFileType = text.xcconfig; name = "Pods-BurritoLookup.debug.xcconfig"; path = "Pods/Target Support Files/Pods-BurritoLookup/Pods-BurritoLookup.debug.xcconfig"; sourceTree = "<group>"; };
		D472453320E3E46500AC9BC7 /* BurritoLookup.app */ = {isa = PBXFileReference; explicitFileType = wrapper.application; includeInIndex = 0; path = BurritoLookup.app; sourceTree = BUILT_PRODUCTS_DIR; };
		D472453620E3E46500AC9BC7 /* AppDelegate.swift */ = {isa = PBXFileReference; lastKnownFileType = sourcecode.swift; path = AppDelegate.swift; sourceTree = "<group>"; };
		D472453D20E3E46700AC9BC7 /* Assets.xcassets */ = {isa = PBXFileReference; lastKnownFileType = folder.assetcatalog; path = Assets.xcassets; sourceTree = "<group>"; };
		D472454020E3E46700AC9BC7 /* Base */ = {isa = PBXFileReference; lastKnownFileType = file.storyboard; name = Base; path = Base.lproj/LaunchScreen.storyboard; sourceTree = "<group>"; };
		D472454220E3E46700AC9BC7 /* Info.plist */ = {isa = PBXFileReference; lastKnownFileType = text.plist.xml; path = Info.plist; sourceTree = "<group>"; };
		D472454820E3E4AB00AC9BC7 /* BurritoListTableViewController.swift */ = {isa = PBXFileReference; lastKnownFileType = sourcecode.swift; path = BurritoListTableViewController.swift; sourceTree = "<group>"; };
		D472454A20E3E7F600AC9BC7 /* BurritoMapViewController.swift */ = {isa = PBXFileReference; lastKnownFileType = sourcecode.swift; path = BurritoMapViewController.swift; sourceTree = "<group>"; };
		D472454C20E3E9B200AC9BC7 /* UIColor+HexString.swift */ = {isa = PBXFileReference; lastKnownFileType = sourcecode.swift; path = "UIColor+HexString.swift"; sourceTree = "<group>"; };
		D472455020E3EB2200AC9BC7 /* AppColors.swift */ = {isa = PBXFileReference; lastKnownFileType = sourcecode.swift; path = AppColors.swift; sourceTree = "<group>"; };
		D472455220E3ED3100AC9BC7 /* BurritoListTableViewCell.swift */ = {isa = PBXFileReference; lastKnownFileType = sourcecode.swift; path = BurritoListTableViewCell.swift; sourceTree = "<group>"; };
		D472455420E3F12600AC9BC7 /* GooglePlace.swift */ = {isa = PBXFileReference; lastKnownFileType = sourcecode.swift; path = GooglePlace.swift; sourceTree = "<group>"; };
		D472455820E410AD00AC9BC7 /* LocationManager.swift */ = {isa = PBXFileReference; lastKnownFileType = sourcecode.swift; path = LocationManager.swift; sourceTree = "<group>"; };
		D472455A20E41DA000AC9BC7 /* AppFont.swift */ = {isa = PBXFileReference; lastKnownFileType = sourcecode.swift; path = AppFont.swift; sourceTree = "<group>"; };
		D472455E20E436B400AC9BC7 /* GoogleResultsFetcher.swift */ = {isa = PBXFileReference; lastKnownFileType = sourcecode.swift; path = GoogleResultsFetcher.swift; sourceTree = "<group>"; };
		D4A98FFE20E460B60007B6D3 /* GlobalSplitViewController.swift */ = {isa = PBXFileReference; lastKnownFileType = sourcecode.swift; path = GlobalSplitViewController.swift; sourceTree = "<group>"; };
		E42CCDAB2F0CE84194A45D59 /* Pods_BurritoLookup.framework */ = {isa = PBXFileReference; explicitFileType = wrapper.framework; includeInIndex = 0; path = Pods_BurritoLookup.framework; sourceTree = BUILT_PRODUCTS_DIR; };
		F84528A7B809B0D4F4115F70 /* Pods-BurritoLookup.release.xcconfig */ = {isa = PBXFileReference; includeInIndex = 1; lastKnownFileType = text.xcconfig; name = "Pods-BurritoLookup.release.xcconfig"; path = "Pods/Target Support Files/Pods-BurritoLookup/Pods-BurritoLookup.release.xcconfig"; sourceTree = "<group>"; };
/* End PBXFileReference section */

/* Begin PBXFrameworksBuildPhase section */
		D472453020E3E46500AC9BC7 /* Frameworks */ = {
			isa = PBXFrameworksBuildPhase;
			buildActionMask = 2147483647;
			files = (
				7A78508903A9126B3FF2D63F /* Pods_BurritoLookup.framework in Frameworks */,
			);
			runOnlyForDeploymentPostprocessing = 0;
		};
/* End PBXFrameworksBuildPhase section */

/* Begin PBXGroup section */
		59DADDEA3E844A534CB68B13 /* Frameworks */ = {
			isa = PBXGroup;
			children = (
				E42CCDAB2F0CE84194A45D59 /* Pods_BurritoLookup.framework */,
			);
			name = Frameworks;
			sourceTree = "<group>";
		};
		609ACD2B781AE14049735895 /* Pods */ = {
			isa = PBXGroup;
			children = (
				A37D4400D626595C288593C0 /* Pods-BurritoLookup.debug.xcconfig */,
				F84528A7B809B0D4F4115F70 /* Pods-BurritoLookup.release.xcconfig */,
			);
			name = Pods;
			sourceTree = "<group>";
		};
		D472452A20E3E46500AC9BC7 = {
			isa = PBXGroup;
			children = (
				D472453520E3E46500AC9BC7 /* BurritoLookup */,
				D472453420E3E46500AC9BC7 /* Products */,
				609ACD2B781AE14049735895 /* Pods */,
				59DADDEA3E844A534CB68B13 /* Frameworks */,
			);
			sourceTree = "<group>";
		};
		D472453420E3E46500AC9BC7 /* Products */ = {
			isa = PBXGroup;
			children = (
				D472453320E3E46500AC9BC7 /* BurritoLookup.app */,
			);
			name = Products;
			sourceTree = "<group>";
		};
		D472453520E3E46500AC9BC7 /* BurritoLookup */ = {
			isa = PBXGroup;
			children = (
				D472453620E3E46500AC9BC7 /* AppDelegate.swift */,
				D4A9900320E474DC0007B6D3 /* Views */,
				D4A9900220E474CC0007B6D3 /* Models */,
				D4A9900120E473AC0007B6D3 /* View Controllers */,
				D4A9900020E4707E0007B6D3 /* Helpers */,
				D472454F20E3EB1700AC9BC7 /* Utilities */,
				D472454E20E3EB0200AC9BC7 /* Extensions */,
				D472453D20E3E46700AC9BC7 /* Assets.xcassets */,
				D472453F20E3E46700AC9BC7 /* LaunchScreen.storyboard */,
				D472454220E3E46700AC9BC7 /* Info.plist */,
			);
			path = BurritoLookup;
			sourceTree = "<group>";
		};
		D472454E20E3EB0200AC9BC7 /* Extensions */ = {
			isa = PBXGroup;
			children = (
				D4A98FFE20E460B60007B6D3 /* GlobalSplitViewController.swift */,
				D472454C20E3E9B200AC9BC7 /* UIColor+HexString.swift */,
			);
			path = Extensions;
			sourceTree = "<group>";
		};
		D472454F20E3EB1700AC9BC7 /* Utilities */ = {
			isa = PBXGroup;
			children = (
				D472455020E3EB2200AC9BC7 /* AppColors.swift */,
				D472455A20E41DA000AC9BC7 /* AppFont.swift */,
			);
			path = Utilities;
			sourceTree = "<group>";
		};
		D4A9900020E4707E0007B6D3 /* Helpers */ = {
			isa = PBXGroup;
			children = (
				D472455820E410AD00AC9BC7 /* LocationManager.swift */,
				D472455E20E436B400AC9BC7 /* GoogleResultsFetcher.swift */,
			);
			path = Helpers;
			sourceTree = "<group>";
		};
		D4A9900120E473AC0007B6D3 /* View Controllers */ = {
			isa = PBXGroup;
			children = (
				D472454820E3E4AB00AC9BC7 /* BurritoListTableViewController.swift */,
				D472454A20E3E7F600AC9BC7 /* BurritoMapViewController.swift */,
			);
			path = "View Controllers";
			sourceTree = "<group>";
		};
		D4A9900220E474CC0007B6D3 /* Models */ = {
			isa = PBXGroup;
			children = (
				D472455420E3F12600AC9BC7 /* GooglePlace.swift */,
			);
			path = Models;
			sourceTree = "<group>";
		};
		D4A9900320E474DC0007B6D3 /* Views */ = {
			isa = PBXGroup;
			children = (
				D472455220E3ED3100AC9BC7 /* BurritoListTableViewCell.swift */,
			);
			path = Views;
			sourceTree = "<group>";
		};
/* End PBXGroup section */

/* Begin PBXNativeTarget section */
		D472453220E3E46500AC9BC7 /* BurritoLookup */ = {
			isa = PBXNativeTarget;
			buildConfigurationList = D472454520E3E46700AC9BC7 /* Build configuration list for PBXNativeTarget "BurritoLookup" */;
			buildPhases = (
				BC6D61B589B61D0C9CADDF83 /* [CP] Check Pods Manifest.lock */,
				D472452F20E3E46500AC9BC7 /* Sources */,
				D472453020E3E46500AC9BC7 /* Frameworks */,
				D472453120E3E46500AC9BC7 /* Resources */,
				388C4263EC6CAEADA98F2B27 /* [CP] Copy Pods Resources */,
				D4A9900420E491000007B6D3 /* ShellScript */,
			);
			buildRules = (
			);
			dependencies = (
			);
			name = BurritoLookup;
			productName = BurritoLookup;
			productReference = D472453320E3E46500AC9BC7 /* BurritoLookup.app */;
			productType = "com.apple.product-type.application";
		};
/* End PBXNativeTarget section */

/* Begin PBXProject section */
		D472452B20E3E46500AC9BC7 /* Project object */ = {
			isa = PBXProject;
			attributes = {
				LastSwiftUpdateCheck = 0940;
				LastUpgradeCheck = 0940;
				ORGANIZATIONNAME = "Eduard Levshteyn";
				TargetAttributes = {
					D472453220E3E46500AC9BC7 = {
						CreatedOnToolsVersion = 9.4.1;
					};
				};
			};
			buildConfigurationList = D472452E20E3E46500AC9BC7 /* Build configuration list for PBXProject "BurritoLookup" */;
			compatibilityVersion = "Xcode 9.3";
			developmentRegion = en;
			hasScannedForEncodings = 0;
			knownRegions = (
				en,
				Base,
			);
			mainGroup = D472452A20E3E46500AC9BC7;
			productRefGroup = D472453420E3E46500AC9BC7 /* Products */;
			projectDirPath = "";
			projectRoot = "";
			targets = (
				D472453220E3E46500AC9BC7 /* BurritoLookup */,
			);
		};
/* End PBXProject section */

/* Begin PBXResourcesBuildPhase section */
		D472453120E3E46500AC9BC7 /* Resources */ = {
			isa = PBXResourcesBuildPhase;
			buildActionMask = 2147483647;
			files = (
				D472454120E3E46700AC9BC7 /* LaunchScreen.storyboard in Resources */,
				D472453E20E3E46700AC9BC7 /* Assets.xcassets in Resources */,
			);
			runOnlyForDeploymentPostprocessing = 0;
		};
/* End PBXResourcesBuildPhase section */

/* Begin PBXShellScriptBuildPhase section */
		388C4263EC6CAEADA98F2B27 /* [CP] Copy Pods Resources */ = {
			isa = PBXShellScriptBuildPhase;
			buildActionMask = 2147483647;
			files = (
			);
			inputPaths = (
				"${SRCROOT}/Pods/Target Support Files/Pods-BurritoLookup/Pods-BurritoLookup-resources.sh",
				"${PODS_ROOT}/GoogleMaps/Maps/Frameworks/GoogleMaps.framework/Resources/GoogleMaps.bundle",
				"${PODS_ROOT}/GooglePlaces/Frameworks/GooglePlaces.framework/Resources/GooglePlaces.bundle",
			);
			name = "[CP] Copy Pods Resources";
			outputPaths = (
				"${TARGET_BUILD_DIR}/${UNLOCALIZED_RESOURCES_FOLDER_PATH}/GoogleMaps.bundle",
				"${TARGET_BUILD_DIR}/${UNLOCALIZED_RESOURCES_FOLDER_PATH}/GooglePlaces.bundle",
			);
			runOnlyForDeploymentPostprocessing = 0;
			shellPath = /bin/sh;
			shellScript = "\"${SRCROOT}/Pods/Target Support Files/Pods-BurritoLookup/Pods-BurritoLookup-resources.sh\"\n";
			showEnvVarsInLog = 0;
		};
		BC6D61B589B61D0C9CADDF83 /* [CP] Check Pods Manifest.lock */ = {
			isa = PBXShellScriptBuildPhase;
			buildActionMask = 2147483647;
			files = (
			);
			inputPaths = (
				"${PODS_PODFILE_DIR_PATH}/Podfile.lock",
				"${PODS_ROOT}/Manifest.lock",
			);
			name = "[CP] Check Pods Manifest.lock";
			outputPaths = (
				"$(DERIVED_FILE_DIR)/Pods-BurritoLookup-checkManifestLockResult.txt",
			);
			runOnlyForDeploymentPostprocessing = 0;
			shellPath = /bin/sh;
			shellScript = "diff \"${PODS_PODFILE_DIR_PATH}/Podfile.lock\" \"${PODS_ROOT}/Manifest.lock\" > /dev/null\nif [ $? != 0 ] ; then\n    # print error to STDERR\n    echo \"error: The sandbox is not in sync with the Podfile.lock. Run 'pod install' or update your CocoaPods installation.\" >&2\n    exit 1\nfi\n# This output is used by Xcode 'outputs' to avoid re-running this script phase.\necho \"SUCCESS\" > \"${SCRIPT_OUTPUT_FILE_0}\"\n";
			showEnvVarsInLog = 0;
		};
		D4A9900420E491000007B6D3 /* ShellScript */ = {
			isa = PBXShellScriptBuildPhase;
			buildActionMask = 2147483647;
			files = (
			);
			inputPaths = (
			);
			outputPaths = (
			);
			runOnlyForDeploymentPostprocessing = 0;
			shellPath = /bin/sh;
			shellScript = "${PODS_ROOT}/SwiftLint/swiftlint";
		};
/* End PBXShellScriptBuildPhase section */

/* Begin PBXSourcesBuildPhase section */
		D472452F20E3E46500AC9BC7 /* Sources */ = {
			isa = PBXSourcesBuildPhase;
			buildActionMask = 2147483647;
			files = (
				D472454B20E3E7F600AC9BC7 /* BurritoMapViewController.swift in Sources */,
				D472453720E3E46500AC9BC7 /* AppDelegate.swift in Sources */,
				D472455B20E41DA000AC9BC7 /* AppFont.swift in Sources */,
				D472455520E3F12600AC9BC7 /* GooglePlace.swift in Sources */,
				D472454920E3E4AB00AC9BC7 /* BurritoListTableViewController.swift in Sources */,
				D472455920E410AD00AC9BC7 /* LocationManager.swift in Sources */,
				D472455320E3ED3100AC9BC7 /* BurritoListTableViewCell.swift in Sources */,
				D472455120E3EB2200AC9BC7 /* AppColors.swift in Sources */,
				D472454D20E3E9B200AC9BC7 /* UIColor+HexString.swift in Sources */,
				D4A98FFF20E460B60007B6D3 /* GlobalSplitViewController.swift in Sources */,
				D472455F20E436B400AC9BC7 /* GoogleResultsFetcher.swift in Sources */,
			);
			runOnlyForDeploymentPostprocessing = 0;
		};
/* End PBXSourcesBuildPhase section */

/* Begin PBXVariantGroup section */
		D472453F20E3E46700AC9BC7 /* LaunchScreen.storyboard */ = {
			isa = PBXVariantGroup;
			children = (
				D472454020E3E46700AC9BC7 /* Base */,
			);
			name = LaunchScreen.storyboard;
			sourceTree = "<group>";
		};
/* End PBXVariantGroup section */

/* Begin XCBuildConfiguration section */
		D472454320E3E46700AC9BC7 /* Debug */ = {
			isa = XCBuildConfiguration;
			buildSettings = {
				ALWAYS_SEARCH_USER_PATHS = NO;
				CLANG_ANALYZER_NONNULL = YES;
				CLANG_ANALYZER_NUMBER_OBJECT_CONVERSION = YES_AGGRESSIVE;
				CLANG_CXX_LANGUAGE_STANDARD = "gnu++14";
				CLANG_CXX_LIBRARY = "libc++";
				CLANG_ENABLE_MODULES = YES;
				CLANG_ENABLE_OBJC_ARC = YES;
				CLANG_ENABLE_OBJC_WEAK = YES;
				CLANG_WARN_BLOCK_CAPTURE_AUTORELEASING = YES;
				CLANG_WARN_BOOL_CONVERSION = YES;
				CLANG_WARN_COMMA = YES;
				CLANG_WARN_CONSTANT_CONVERSION = YES;
				CLANG_WARN_DEPRECATED_OBJC_IMPLEMENTATIONS = YES;
				CLANG_WARN_DIRECT_OBJC_ISA_USAGE = YES_ERROR;
				CLANG_WARN_DOCUMENTATION_COMMENTS = YES;
				CLANG_WARN_EMPTY_BODY = YES;
				CLANG_WARN_ENUM_CONVERSION = YES;
				CLANG_WARN_INFINITE_RECURSION = YES;
				CLANG_WARN_INT_CONVERSION = YES;
				CLANG_WARN_NON_LITERAL_NULL_CONVERSION = YES;
				CLANG_WARN_OBJC_IMPLICIT_RETAIN_SELF = YES;
				CLANG_WARN_OBJC_LITERAL_CONVERSION = YES;
				CLANG_WARN_OBJC_ROOT_CLASS = YES_ERROR;
				CLANG_WARN_RANGE_LOOP_ANALYSIS = YES;
				CLANG_WARN_STRICT_PROTOTYPES = YES;
				CLANG_WARN_SUSPICIOUS_MOVE = YES;
				CLANG_WARN_UNGUARDED_AVAILABILITY = YES_AGGRESSIVE;
				CLANG_WARN_UNREACHABLE_CODE = YES;
				CLANG_WARN__DUPLICATE_METHOD_MATCH = YES;
				CODE_SIGN_IDENTITY = "iPhone Developer";
				COPY_PHASE_STRIP = NO;
				DEBUG_INFORMATION_FORMAT = dwarf;
				ENABLE_STRICT_OBJC_MSGSEND = YES;
				ENABLE_TESTABILITY = YES;
				GCC_C_LANGUAGE_STANDARD = gnu11;
				GCC_DYNAMIC_NO_PIC = NO;
				GCC_NO_COMMON_BLOCKS = YES;
				GCC_OPTIMIZATION_LEVEL = 0;
				GCC_PREPROCESSOR_DEFINITIONS = (
					"DEBUG=1",
					"$(inherited)",
				);
				GCC_WARN_64_TO_32_BIT_CONVERSION = YES;
				GCC_WARN_ABOUT_RETURN_TYPE = YES_ERROR;
				GCC_WARN_UNDECLARED_SELECTOR = YES;
				GCC_WARN_UNINITIALIZED_AUTOS = YES_AGGRESSIVE;
				GCC_WARN_UNUSED_FUNCTION = YES;
				GCC_WARN_UNUSED_VARIABLE = YES;
				IPHONEOS_DEPLOYMENT_TARGET = 11.4;
				MTL_ENABLE_DEBUG_INFO = YES;
				ONLY_ACTIVE_ARCH = YES;
				SDKROOT = iphoneos;
				SWIFT_ACTIVE_COMPILATION_CONDITIONS = DEBUG;
				SWIFT_OPTIMIZATION_LEVEL = "-Onone";
			};
			name = Debug;
		};
		D472454420E3E46700AC9BC7 /* Release */ = {
			isa = XCBuildConfiguration;
			buildSettings = {
				ALWAYS_SEARCH_USER_PATHS = NO;
				CLANG_ANALYZER_NONNULL = YES;
				CLANG_ANALYZER_NUMBER_OBJECT_CONVERSION = YES_AGGRESSIVE;
				CLANG_CXX_LANGUAGE_STANDARD = "gnu++14";
				CLANG_CXX_LIBRARY = "libc++";
				CLANG_ENABLE_MODULES = YES;
				CLANG_ENABLE_OBJC_ARC = YES;
				CLANG_ENABLE_OBJC_WEAK = YES;
				CLANG_WARN_BLOCK_CAPTURE_AUTORELEASING = YES;
				CLANG_WARN_BOOL_CONVERSION = YES;
				CLANG_WARN_COMMA = YES;
				CLANG_WARN_CONSTANT_CONVERSION = YES;
				CLANG_WARN_DEPRECATED_OBJC_IMPLEMENTATIONS = YES;
				CLANG_WARN_DIRECT_OBJC_ISA_USAGE = YES_ERROR;
				CLANG_WARN_DOCUMENTATION_COMMENTS = YES;
				CLANG_WARN_EMPTY_BODY = YES;
				CLANG_WARN_ENUM_CONVERSION = YES;
				CLANG_WARN_INFINITE_RECURSION = YES;
				CLANG_WARN_INT_CONVERSION = YES;
				CLANG_WARN_NON_LITERAL_NULL_CONVERSION = YES;
				CLANG_WARN_OBJC_IMPLICIT_RETAIN_SELF = YES;
				CLANG_WARN_OBJC_LITERAL_CONVERSION = YES;
				CLANG_WARN_OBJC_ROOT_CLASS = YES_ERROR;
				CLANG_WARN_RANGE_LOOP_ANALYSIS = YES;
				CLANG_WARN_STRICT_PROTOTYPES = YES;
				CLANG_WARN_SUSPICIOUS_MOVE = YES;
				CLANG_WARN_UNGUARDED_AVAILABILITY = YES_AGGRESSIVE;
				CLANG_WARN_UNREACHABLE_CODE = YES;
				CLANG_WARN__DUPLICATE_METHOD_MATCH = YES;
				CODE_SIGN_IDENTITY = "iPhone Developer";
				COPY_PHASE_STRIP = NO;
				DEBUG_INFORMATION_FORMAT = "dwarf-with-dsym";
				ENABLE_NS_ASSERTIONS = NO;
				ENABLE_STRICT_OBJC_MSGSEND = YES;
				GCC_C_LANGUAGE_STANDARD = gnu11;
				GCC_NO_COMMON_BLOCKS = YES;
				GCC_WARN_64_TO_32_BIT_CONVERSION = YES;
				GCC_WARN_ABOUT_RETURN_TYPE = YES_ERROR;
				GCC_WARN_UNDECLARED_SELECTOR = YES;
				GCC_WARN_UNINITIALIZED_AUTOS = YES_AGGRESSIVE;
				GCC_WARN_UNUSED_FUNCTION = YES;
				GCC_WARN_UNUSED_VARIABLE = YES;
				IPHONEOS_DEPLOYMENT_TARGET = 11.4;
				MTL_ENABLE_DEBUG_INFO = NO;
				SDKROOT = iphoneos;
				SWIFT_COMPILATION_MODE = wholemodule;
				SWIFT_OPTIMIZATION_LEVEL = "-O";
				VALIDATE_PRODUCT = YES;
			};
			name = Release;
		};
		D472454620E3E46700AC9BC7 /* Debug */ = {
			isa = XCBuildConfiguration;
			baseConfigurationReference = A37D4400D626595C288593C0 /* Pods-BurritoLookup.debug.xcconfig */;
			buildSettings = {
				ASSETCATALOG_COMPILER_APPICON_NAME = AppIcon;
				CODE_SIGN_STYLE = Automatic;
				DEVELOPMENT_TEAM = 3987LS8PQB;
				INFOPLIST_FILE = BurritoLookup/Info.plist;
				IPHONEOS_DEPLOYMENT_TARGET = 10.0;
				LD_RUNPATH_SEARCH_PATHS = (
					"$(inherited)",
					"@executable_path/Frameworks",
				);
				PRODUCT_BUNDLE_IDENTIFIER = com.eduardlevshteyn.BurritoLookup;
				PRODUCT_NAME = "$(TARGET_NAME)";
				SWIFT_VERSION = 4.0;
				TARGETED_DEVICE_FAMILY = "1,2";
			};
			name = Debug;
		};
		D472454720E3E46700AC9BC7 /* Release */ = {
			isa = XCBuildConfiguration;
			baseConfigurationReference = F84528A7B809B0D4F4115F70 /* Pods-BurritoLookup.release.xcconfig */;
			buildSettings = {
				ASSETCATALOG_COMPILER_APPICON_NAME = AppIcon;
				CODE_SIGN_STYLE = Automatic;
				DEVELOPMENT_TEAM = 3987LS8PQB;
				INFOPLIST_FILE = BurritoLookup/Info.plist;
				IPHONEOS_DEPLOYMENT_TARGET = 10.0;
				LD_RUNPATH_SEARCH_PATHS = (
					"$(inherited)",
					"@executable_path/Frameworks",
				);
				PRODUCT_BUNDLE_IDENTIFIER = com.eduardlevshteyn.BurritoLookup;
				PRODUCT_NAME = "$(TARGET_NAME)";
				SWIFT_VERSION = 4.0;
				TARGETED_DEVICE_FAMILY = "1,2";
			};
			name = Release;
		};
/* End XCBuildConfiguration section */

/* Begin XCConfigurationList section */
		D472452E20E3E46500AC9BC7 /* Build configuration list for PBXProject "BurritoLookup" */ = {
			isa = XCConfigurationList;
			buildConfigurations = (
				D472454320E3E46700AC9BC7 /* Debug */,
				D472454420E3E46700AC9BC7 /* Release */,
			);
			defaultConfigurationIsVisible = 0;
			defaultConfigurationName = Release;
		};
		D472454520E3E46700AC9BC7 /* Build configuration list for PBXNativeTarget "BurritoLookup" */ = {
			isa = XCConfigurationList;
			buildConfigurations = (
				D472454620E3E46700AC9BC7 /* Debug */,
				D472454720E3E46700AC9BC7 /* Release */,
			);
			defaultConfigurationIsVisible = 0;
			defaultConfigurationName = Release;
		};
/* End XCConfigurationList section */
	};
	rootObject = D472452B20E3E46500AC9BC7 /* Project object */;
}
